
Microsoft Visual Studio Solution File, Format Version 12.00
# Visual Studio for Mac
Project("{FAE04EC0-301F-11D3-BF4B-00C04F79EFBC}") = "Assembly-CSharp", "Assembly-CSharp.csproj", "{A3387E9F-0CAE-DA0F-1E72-15A56AE593F6}"
EndProject
Project("{FAE04EC0-301F-11D3-BF4B-00C04F79EFBC}") = "Assembly-CSharp-firstpass", "Assembly-CSharp-firstpass.csproj", "{EF1F387E-E4D6-B093-6FF3-CBF5A12FAD6D}"
EndProject
Project("{FAE04EC0-301F-11D3-BF4B-00C04F79EFBC}") = "Assembly-CSharp-Editor-firstpass", "Assembly-CSharp-Editor-firstpass.csproj", "{944B5AB5-998F-C7F9-8D50-AAEAC4DB5A56}"
EndProject
Global
	GlobalSection(SolutionConfigurationPlatforms) = preSolution
		Debug|Any CPU = Debug|Any CPU
		Release|Any CPU = Release|Any CPU
	EndGlobalSection
	GlobalSection(ProjectConfigurationPlatforms) = postSolution
		{A3387E9F-0CAE-DA0F-1E72-15A56AE593F6}.Debug|Any CPU.ActiveCfg = Debug|Any CPU
		{A3387E9F-0CAE-DA0F-1E72-15A56AE593F6}.Debug|Any CPU.Build.0 = Debug|Any CPU
		{A3387E9F-0CAE-DA0F-1E72-15A56AE593F6}.Release|Any CPU.ActiveCfg = Release|Any CPU
		{A3387E9F-0CAE-DA0F-1E72-15A56AE593F6}.Release|Any CPU.Build.0 = Release|Any CPU
		{EF1F387E-E4D6-B093-6FF3-CBF5A12FAD6D}.Debug|Any CPU.ActiveCfg = Debug|Any CPU
		{EF1F387E-E4D6-B093-6FF3-CBF5A12FAD6D}.Debug|Any CPU.Build.0 = Debug|Any CPU
		{EF1F387E-E4D6-B093-6FF3-CBF5A12FAD6D}.Release|Any CPU.ActiveCfg = Release|Any CPU
		{EF1F387E-E4D6-B093-6FF3-CBF5A12FAD6D}.Release|Any CPU.Build.0 = Release|Any CPU
		{944B5AB5-998F-C7F9-8D50-AAEAC4DB5A56}.Debug|Any CPU.ActiveCfg = Debug|Any CPU
		{944B5AB5-998F-C7F9-8D50-AAEAC4DB5A56}.Debug|Any CPU.Build.0 = Debug|Any CPU
		{944B5AB5-998F-C7F9-8D50-AAEAC4DB5A56}.Release|Any CPU.ActiveCfg = Release|Any CPU
		{944B5AB5-998F-C7F9-8D50-AAEAC4DB5A56}.Release|Any CPU.Build.0 = Release|Any CPU
	EndGlobalSection
	GlobalSection(SolutionProperties) = preSolution
		HideSolutionNode = FALSE
	EndGlobalSection
EndGlobal
